
Microsoft Visual Studio Solution File, Format Version 12.00
# Visual Studio Version 17
VisualStudioVersion = 17.5.33530.505
MinimumVisualStudioVersion = 10.0.40219.1
Project("{FAE04EC0-301F-11D3-BF4B-00C04F79EFBC}") = "goruntu ısleme", "goruntu ısleme\goruntu ısleme.csproj", "{1E155F8E-C8C3-42C2-9330-95129F2BB279}"
EndProject
Global
	GlobalSection(SolutionConfigurationPlatforms) = preSolution
		Debug|Any CPU = Debug|Any CPU
		Release|Any CPU = Release|Any CPU
	EndGlobalSection
	GlobalSection(ProjectConfigurationPlatforms) = postSolution
		{1E155F8E-C8C3-42C2-9330-95129F2BB279}.Debug|Any CPU.ActiveCfg = Debug|Any CPU
		{1E155F8E-C8C3-42C2-9330-95129F2BB279}.Debug|Any CPU.Build.0 = Debug|Any CPU
		{1E155F8E-C8C3-42C2-9330-95129F2BB279}.Release|Any CPU.ActiveCfg = Release|Any CPU
		{1E155F8E-C8C3-42C2-9330-95129F2BB279}.Release|Any CPU.Build.0 = Release|Any CPU
	EndGlobalSection
	GlobalSection(SolutionProperties) = preSolution
		HideSolutionNode = FALSE
	EndGlobalSection
	GlobalSection(ExtensibilityGlobals) = postSolution
		SolutionGuid = {0D9A4B4A-5C95-4286-A99B-27D787A06BB6}
	EndGlobalSection
EndGlobal
